# Generated by pub
# See https://dart.dev/tools/pub/glossary#lockfile
packages:
  fuzzy:
    dependency: "direct main"
    description:
      name: fuzzy
      url: "https://pub.dartlang.org"
    source: hosted
    version: "0.3.0"
  latinize:
    dependency: transitive
    description:
      name: latinize
      url: "https://pub.dartlang.org"
    source: hosted
    version: "0.0.2"
  meta:
    dependency: transitive
    description:
      name: meta
      url: "https://pub.dartlang.org"
    source: hosted
    version: "1.4.0"
sdks:
  dart: ">=2.12.0 <3.0.0"
